// !$*UTF8*$!
{
	archiveVersion = 1;
	classes = {
	};
	objectVersion = 50;
	objects = {

/* Begin PBXBuildFile section */
		4E359EC6185908EB38EB04B4 /* Pods_msk_kjuicer_poc.framework in Frameworks */ = {isa = PBXBuildFile; fileRef = A8903D48FBBB65E7F1B3EA5A /* Pods_msk_kjuicer_poc.framework */; };
		DAA4608223587AC00039FD8B /* README.md in Resources */ = {isa = PBXBuildFile; fileRef = DAA4608123587AC00039FD8B /* README.md */; };
		DAA4608423587AD90039FD8B /* .gitignore in Resources */ = {isa = PBXBuildFile; fileRef = DAA4608323587AD90039FD8B /* .gitignore */; };
		DAA4608823587BC20039FD8B /* APIKeys.swift in Sources */ = {isa = PBXBuildFile; fileRef = DAA4608723587BC20039FD8B /* APIKeys.swift */; };
		DAB56BCC235871DA00214BF8 /* AppDelegate.swift in Sources */ = {isa = PBXBuildFile; fileRef = DAB56BCB235871DA00214BF8 /* AppDelegate.swift */; };
		DAB56BCE235871DA00214BF8 /* SceneDelegate.swift in Sources */ = {isa = PBXBuildFile; fileRef = DAB56BCD235871DA00214BF8 /* SceneDelegate.swift */; };
		DAB56BD0235871DA00214BF8 /* ViewController.swift in Sources */ = {isa = PBXBuildFile; fileRef = DAB56BCF235871DA00214BF8 /* ViewController.swift */; };
		DAB56BD3235871DA00214BF8 /* Main.storyboard in Resources */ = {isa = PBXBuildFile; fileRef = DAB56BD1235871DA00214BF8 /* Main.storyboard */; };
		DAB56BD5235871DB00214BF8 /* Assets.xcassets in Resources */ = {isa = PBXBuildFile; fileRef = DAB56BD4235871DB00214BF8 /* Assets.xcassets */; };
		DAB56BD8235871DB00214BF8 /* LaunchScreen.storyboard in Resources */ = {isa = PBXBuildFile; fileRef = DAB56BD6235871DB00214BF8 /* LaunchScreen.storyboard */; };
/* End PBXBuildFile section */

/* Begin PBXFileReference section */
		A8903D48FBBB65E7F1B3EA5A /* Pods_msk_kjuicer_poc.framework */ = {isa = PBXFileReference; explicitFileType = wrapper.framework; includeInIndex = 0; path = Pods_msk_kjuicer_poc.framework; sourceTree = BUILT_PRODUCTS_DIR; };
		AF1A4235E188E03C5D7ECE7E /* Pods-msk-kjuicer-poc.release.xcconfig */ = {isa = PBXFileReference; includeInIndex = 1; lastKnownFileType = text.xcconfig; name = "Pods-msk-kjuicer-poc.release.xcconfig"; path = "Pods/Target Support Files/Pods-msk-kjuicer-poc/Pods-msk-kjuicer-poc.release.xcconfig"; sourceTree = "<group>"; };
		DAA4608123587AC00039FD8B /* README.md */ = {isa = PBXFileReference; fileEncoding = 4; lastKnownFileType = net.daringfireball.markdown; path = README.md; sourceTree = "<group>"; };
		DAA4608323587AD90039FD8B /* .gitignore */ = {isa = PBXFileReference; lastKnownFileType = text; path = .gitignore; sourceTree = "<group>"; };
		DAA4608723587BC20039FD8B /* APIKeys.swift */ = {isa = PBXFileReference; lastKnownFileType = sourcecode.swift; path = APIKeys.swift; sourceTree = "<group>"; };
		DAB56BC8235871DA00214BF8 /* msk-kjuicer-poc.app */ = {isa = PBXFileReference; explicitFileType = wrapper.application; includeInIndex = 0; path = "msk-kjuicer-poc.app"; sourceTree = BUILT_PRODUCTS_DIR; };
		DAB56BCB235871DA00214BF8 /* AppDelegate.swift */ = {isa = PBXFileReference; lastKnownFileType = sourcecode.swift; path = AppDelegate.swift; sourceTree = "<group>"; };
		DAB56BCD235871DA00214BF8 /* SceneDelegate.swift */ = {isa = PBXFileReference; lastKnownFileType = sourcecode.swift; path = SceneDelegate.swift; sourceTree = "<group>"; };
		DAB56BCF235871DA00214BF8 /* ViewController.swift */ = {isa = PBXFileReference; lastKnownFileType = sourcecode.swift; path = ViewController.swift; sourceTree = "<group>"; };
		DAB56BD2235871DA00214BF8 /* Base */ = {isa = PBXFileReference; lastKnownFileType = file.storyboard; name = Base; path = Base.lproj/Main.storyboard; sourceTree = "<group>"; };
		DAB56BD4235871DB00214BF8 /* Assets.xcassets */ = {isa = PBXFileReference; lastKnownFileType = folder.assetcatalog; path = Assets.xcassets; sourceTree = "<group>"; };
		DAB56BD7235871DB00214BF8 /* Base */ = {isa = PBXFileReference; lastKnownFileType = file.storyboard; name = Base; path = Base.lproj/LaunchScreen.storyboard; sourceTree = "<group>"; };
		DAB56BD9235871DB00214BF8 /* Info.plist */ = {isa = PBXFileReference; lastKnownFileType = text.plist.xml; path = Info.plist; sourceTree = "<group>"; };
		DCB8CE0E4E12D7207ABBA45B /* Pods-msk-kjuicer-poc.debug.xcconfig */ = {isa = PBXFileReference; includeInIndex = 1; lastKnownFileType = text.xcconfig; name = "Pods-msk-kjuicer-poc.debug.xcconfig"; path = "Pods/Target Support Files/Pods-msk-kjuicer-poc/Pods-msk-kjuicer-poc.debug.xcconfig"; sourceTree = "<group>"; };
/* End PBXFileReference section */

/* Begin PBXFrameworksBuildPhase section */
		DAB56BC5235871DA00214BF8 /* Frameworks */ = {
			isa = PBXFrameworksBuildPhase;
			buildActionMask = 2147483647;
			files = (
				4E359EC6185908EB38EB04B4 /* Pods_msk_kjuicer_poc.framework in Frameworks */,
			);
			runOnlyForDeploymentPostprocessing = 0;
		};
/* End PBXFrameworksBuildPhase section */

/* Begin PBXGroup section */
		693F7755EAD2786E9AF37F4A /* Frameworks */ = {
			isa = PBXGroup;
			children = (
				A8903D48FBBB65E7F1B3EA5A /* Pods_msk_kjuicer_poc.framework */,
			);
			name = Frameworks;
			sourceTree = "<group>";
		};
		9BB1B66DD5B870870930437B /* Pods */ = {
			isa = PBXGroup;
			children = (
				DCB8CE0E4E12D7207ABBA45B /* Pods-msk-kjuicer-poc.debug.xcconfig */,
				AF1A4235E188E03C5D7ECE7E /* Pods-msk-kjuicer-poc.release.xcconfig */,
			);
			name = Pods;
			sourceTree = "<group>";
		};
		DAB56BBF235871DA00214BF8 = {
			isa = PBXGroup;
			children = (
				DAA4608323587AD90039FD8B /* .gitignore */,
				DAA4608123587AC00039FD8B /* README.md */,
				DAB56BCA235871DA00214BF8 /* msk-kjuicer-poc */,
				DAB56BC9235871DA00214BF8 /* Products */,
				9BB1B66DD5B870870930437B /* Pods */,
				693F7755EAD2786E9AF37F4A /* Frameworks */,
			);
			sourceTree = "<group>";
		};
		DAB56BC9235871DA00214BF8 /* Products */ = {
			isa = PBXGroup;
			children = (
				DAB56BC8235871DA00214BF8 /* msk-kjuicer-poc.app */,
			);
			name = Products;
			sourceTree = "<group>";
		};
		DAB56BCA235871DA00214BF8 /* msk-kjuicer-poc */ = {
			isa = PBXGroup;
			children = (
				DAB56BCB235871DA00214BF8 /* AppDelegate.swift */,
				DAB56BCD235871DA00214BF8 /* SceneDelegate.swift */,
				DAB56BCF235871DA00214BF8 /* ViewController.swift */,
				DAB56BD1235871DA00214BF8 /* Main.storyboard */,
				DAB56BD4235871DB00214BF8 /* Assets.xcassets */,
				DAB56BD6235871DB00214BF8 /* LaunchScreen.storyboard */,
				DAB56BD9235871DB00214BF8 /* Info.plist */,
				DAA4608723587BC20039FD8B /* APIKeys.swift */,
			);
			path = "msk-kjuicer-poc";
			sourceTree = "<group>";
		};
/* End PBXGroup section */

/* Begin PBXNativeTarget section */
		DAB56BC7235871DA00214BF8 /* msk-kjuicer-poc */ = {
			isa = PBXNativeTarget;
			buildConfigurationList = DAB56BDC235871DB00214BF8 /* Build configuration list for PBXNativeTarget "msk-kjuicer-poc" */;
			buildPhases = (
				8AEAA5F544689A77B609F52F /* [CP] Check Pods Manifest.lock */,
				DAB56BC4235871DA00214BF8 /* Sources */,
				DAB56BC5235871DA00214BF8 /* Frameworks */,
				DAB56BC6235871DA00214BF8 /* Resources */,
				758AC12742E934A62FBF025C /* [CP] Embed Pods Frameworks */,
			);
			buildRules = (
			);
			dependencies = (
			);
			name = "msk-kjuicer-poc";
			productName = "msk-kjuicer-poc";
			productReference = DAB56BC8235871DA00214BF8 /* msk-kjuicer-poc.app */;
			productType = "com.apple.product-type.application";
		};
/* End PBXNativeTarget section */

/* Begin PBXProject section */
		DAB56BC0235871DA00214BF8 /* Project object */ = {
			isa = PBXProject;
			attributes = {
				LastSwiftUpdateCheck = 1110;
				LastUpgradeCheck = 1110;
				ORGANIZATIONNAME = "Gabriel Walsh";
				TargetAttributes = {
					DAB56BC7235871DA00214BF8 = {
						CreatedOnToolsVersion = 11.1;
					};
				};
			};
			buildConfigurationList = DAB56BC3235871DA00214BF8 /* Build configuration list for PBXProject "msk-kjuicer-poc" */;
			compatibilityVersion = "Xcode 9.3";
			developmentRegion = en;
			hasScannedForEncodings = 0;
			knownRegions = (
				en,
				Base,
			);
			mainGroup = DAB56BBF235871DA00214BF8;
			productRefGroup = DAB56BC9235871DA00214BF8 /* Products */;
			projectDirPath = "";
			projectRoot = "";
			targets = (
				DAB56BC7235871DA00214BF8 /* msk-kjuicer-poc */,
			);
		};
/* End PBXProject section */

/* Begin PBXResourcesBuildPhase section */
		DAB56BC6235871DA00214BF8 /* Resources */ = {
			isa = PBXResourcesBuildPhase;
			buildActionMask = 2147483647;
			files = (
				DAA4608423587AD90039FD8B /* .gitignore in Resources */,
				DAB56BD8235871DB00214BF8 /* LaunchScreen.storyboard in Resources */,
				DAB56BD5235871DB00214BF8 /* Assets.xcassets in Resources */,
				DAA4608223587AC00039FD8B /* README.md in Resources */,
				DAB56BD3235871DA00214BF8 /* Main.storyboard in Resources */,
			);
			runOnlyForDeploymentPostprocessing = 0;
		};
/* End PBXResourcesBuildPhase section */

/* Begin PBXShellScriptBuildPhase section */
		758AC12742E934A62FBF025C /* [CP] Embed Pods Frameworks */ = {
			isa = PBXShellScriptBuildPhase;
			buildActionMask = 2147483647;
			files = (
			);
			inputFileListPaths = (
			);
			inputPaths = (
				"${SRCROOT}/Pods/Target Support Files/Pods-msk-kjuicer-poc/Pods-msk-kjuicer-poc-frameworks.sh",
				"${BUILT_PRODUCTS_DIR}/Alamofire/Alamofire.framework",
				"${BUILT_PRODUCTS_DIR}/Moya/Moya.framework",
				"${BUILT_PRODUCTS_DIR}/Result/Result.framework",
			);
			name = "[CP] Embed Pods Frameworks";
			outputFileListPaths = (
			);
			outputPaths = (
				"${TARGET_BUILD_DIR}/${FRAMEWORKS_FOLDER_PATH}/Alamofire.framework",
				"${TARGET_BUILD_DIR}/${FRAMEWORKS_FOLDER_PATH}/Moya.framework",
				"${TARGET_BUILD_DIR}/${FRAMEWORKS_FOLDER_PATH}/Result.framework",
			);
			runOnlyForDeploymentPostprocessing = 0;
			shellPath = /bin/sh;
			shellScript = "\"${SRCROOT}/Pods/Target Support Files/Pods-msk-kjuicer-poc/Pods-msk-kjuicer-poc-frameworks.sh\"\n";
			showEnvVarsInLog = 0;
		};
		8AEAA5F544689A77B609F52F /* [CP] Check Pods Manifest.lock */ = {
			isa = PBXShellScriptBuildPhase;
			buildActionMask = 2147483647;
			files = (
			);
			inputFileListPaths = (
			);
			inputPaths = (
				"${PODS_PODFILE_DIR_PATH}/Podfile.lock",
				"${PODS_ROOT}/Manifest.lock",
			);
			name = "[CP] Check Pods Manifest.lock";
			outputFileListPaths = (
			);
			outputPaths = (
				"$(DERIVED_FILE_DIR)/Pods-msk-kjuicer-poc-checkManifestLockResult.txt",
			);
			runOnlyForDeploymentPostprocessing = 0;
			shellPath = /bin/sh;
			shellScript = "diff \"${PODS_PODFILE_DIR_PATH}/Podfile.lock\" \"${PODS_ROOT}/Manifest.lock\" > /dev/null\nif [ $? != 0 ] ; then\n    # print error to STDERR\n    echo \"error: The sandbox is not in sync with the Podfile.lock. Run 'pod install' or update your CocoaPods installation.\" >&2\n    exit 1\nfi\n# This output is used by Xcode 'outputs' to avoid re-running this script phase.\necho \"SUCCESS\" > \"${SCRIPT_OUTPUT_FILE_0}\"\n";
			showEnvVarsInLog = 0;
		};
/* End PBXShellScriptBuildPhase section */

/* Begin PBXSourcesBuildPhase section */
		DAB56BC4235871DA00214BF8 /* Sources */ = {
			isa = PBXSourcesBuildPhase;
			buildActionMask = 2147483647;
			files = (
				DAB56BD0235871DA00214BF8 /* ViewController.swift in Sources */,
				DAB56BCC235871DA00214BF8 /* AppDelegate.swift in Sources */,
				DAA4608823587BC20039FD8B /* APIKeys.swift in Sources */,
				DAB56BCE235871DA00214BF8 /* SceneDelegate.swift in Sources */,
			);
			runOnlyForDeploymentPostprocessing = 0;
		};
/* End PBXSourcesBuildPhase section */

/* Begin PBXVariantGroup section */
		DAB56BD1235871DA00214BF8 /* Main.storyboard */ = {
			isa = PBXVariantGroup;
			children = (
				DAB56BD2235871DA00214BF8 /* Base */,
			);
			name = Main.storyboard;
			sourceTree = "<group>";
		};
		DAB56BD6235871DB00214BF8 /* LaunchScreen.storyboard */ = {
			isa = PBXVariantGroup;
			children = (
				DAB56BD7235871DB00214BF8 /* Base */,
			);
			name = LaunchScreen.storyboard;
			sourceTree = "<group>";
		};
/* End PBXVariantGroup section */

/* Begin XCBuildConfiguration section */
		DAB56BDA235871DB00214BF8 /* Debug */ = {
			isa = XCBuildConfiguration;
			buildSettings = {
				ALWAYS_SEARCH_USER_PATHS = NO;
				CLANG_ANALYZER_NONNULL = YES;
				CLANG_ANALYZER_NUMBER_OBJECT_CONVERSION = YES_AGGRESSIVE;
				CLANG_CXX_LANGUAGE_STANDARD = "gnu++14";
				CLANG_CXX_LIBRARY = "libc++";
				CLANG_ENABLE_MODULES = YES;
				CLANG_ENABLE_OBJC_ARC = YES;
				CLANG_ENABLE_OBJC_WEAK = YES;
				CLANG_WARN_BLOCK_CAPTURE_AUTORELEASING = YES;
				CLANG_WARN_BOOL_CONVERSION = YES;
				CLANG_WARN_COMMA = YES;
				CLANG_WARN_CONSTANT_CONVERSION = YES;
				CLANG_WARN_DEPRECATED_OBJC_IMPLEMENTATIONS = YES;
				CLANG_WARN_DIRECT_OBJC_ISA_USAGE = YES_ERROR;
				CLANG_WARN_DOCUMENTATION_COMMENTS = YES;
				CLANG_WARN_EMPTY_BODY = YES;
				CLANG_WARN_ENUM_CONVERSION = YES;
				CLANG_WARN_INFINITE_RECURSION = YES;
				CLANG_WARN_INT_CONVERSION = YES;
				CLANG_WARN_NON_LITERAL_NULL_CONVERSION = YES;
				CLANG_WARN_OBJC_IMPLICIT_RETAIN_SELF = YES;
				CLANG_WARN_OBJC_LITERAL_CONVERSION = YES;
				CLANG_WARN_OBJC_ROOT_CLASS = YES_ERROR;
				CLANG_WARN_RANGE_LOOP_ANALYSIS = YES;
				CLANG_WARN_STRICT_PROTOTYPES = YES;
				CLANG_WARN_SUSPICIOUS_MOVE = YES;
				CLANG_WARN_UNGUARDED_AVAILABILITY = YES_AGGRESSIVE;
				CLANG_WARN_UNREACHABLE_CODE = YES;
				CLANG_WARN__DUPLICATE_METHOD_MATCH = YES;
				COPY_PHASE_STRIP = NO;
				DEBUG_INFORMATION_FORMAT = dwarf;
				ENABLE_STRICT_OBJC_MSGSEND = YES;
				ENABLE_TESTABILITY = YES;
				GCC_C_LANGUAGE_STANDARD = gnu11;
				GCC_DYNAMIC_NO_PIC = NO;
				GCC_NO_COMMON_BLOCKS = YES;
				GCC_OPTIMIZATION_LEVEL = 0;
				GCC_PREPROCESSOR_DEFINITIONS = (
					"DEBUG=1",
					"$(inherited)",
				);
				GCC_WARN_64_TO_32_BIT_CONVERSION = YES;
				GCC_WARN_ABOUT_RETURN_TYPE = YES_ERROR;
				GCC_WARN_UNDECLARED_SELECTOR = YES;
				GCC_WARN_UNINITIALIZED_AUTOS = YES_AGGRESSIVE;
				GCC_WARN_UNUSED_FUNCTION = YES;
				GCC_WARN_UNUSED_VARIABLE = YES;
				IPHONEOS_DEPLOYMENT_TARGET = 13.1;
				MTL_ENABLE_DEBUG_INFO = INCLUDE_SOURCE;
				MTL_FAST_MATH = YES;
				ONLY_ACTIVE_ARCH = YES;
				SDKROOT = iphoneos;
				SWIFT_ACTIVE_COMPILATION_CONDITIONS = DEBUG;
				SWIFT_OPTIMIZATION_LEVEL = "-Onone";
			};
			name = Debug;
		};
		DAB56BDB235871DB00214BF8 /* Release */ = {
			isa = XCBuildConfiguration;
			buildSettings = {
				ALWAYS_SEARCH_USER_PATHS = NO;
				CLANG_ANALYZER_NONNULL = YES;
				CLANG_ANALYZER_NUMBER_OBJECT_CONVERSION = YES_AGGRESSIVE;
				CLANG_CXX_LANGUAGE_STANDARD = "gnu++14";
				CLANG_CXX_LIBRARY = "libc++";
				CLANG_ENABLE_MODULES = YES;
				CLANG_ENABLE_OBJC_ARC = YES;
				CLANG_ENABLE_OBJC_WEAK = YES;
				CLANG_WARN_BLOCK_CAPTURE_AUTORELEASING = YES;
				CLANG_WARN_BOOL_CONVERSION = YES;
				CLANG_WARN_COMMA = YES;
				CLANG_WARN_CONSTANT_CONVERSION = YES;
				CLANG_WARN_DEPRECATED_OBJC_IMPLEMENTATIONS = YES;
				CLANG_WARN_DIRECT_OBJC_ISA_USAGE = YES_ERROR;
				CLANG_WARN_DOCUMENTATION_COMMENTS = YES;
				CLANG_WARN_EMPTY_BODY = YES;
				CLANG_WARN_ENUM_CONVERSION = YES;
				CLANG_WARN_INFINITE_RECURSION = YES;
				CLANG_WARN_INT_CONVERSION = YES;
				CLANG_WARN_NON_LITERAL_NULL_CONVERSION = YES;
				CLANG_WARN_OBJC_IMPLICIT_RETAIN_SELF = YES;
				CLANG_WARN_OBJC_LITERAL_CONVERSION = YES;
				CLANG_WARN_OBJC_ROOT_CLASS = YES_ERROR;
				CLANG_WARN_RANGE_LOOP_ANALYSIS = YES;
				CLANG_WARN_STRICT_PROTOTYPES = YES;
				CLANG_WARN_SUSPICIOUS_MOVE = YES;
				CLANG_WARN_UNGUARDED_AVAILABILITY = YES_AGGRESSIVE;
				CLANG_WARN_UNREACHABLE_CODE = YES;
				CLANG_WARN__DUPLICATE_METHOD_MATCH = YES;
				COPY_PHASE_STRIP = NO;
				DEBUG_INFORMATION_FORMAT = "dwarf-with-dsym";
				ENABLE_NS_ASSERTIONS = NO;
				ENABLE_STRICT_OBJC_MSGSEND = YES;
				GCC_C_LANGUAGE_STANDARD = gnu11;
				GCC_NO_COMMON_BLOCKS = YES;
				GCC_WARN_64_TO_32_BIT_CONVERSION = YES;
				GCC_WARN_ABOUT_RETURN_TYPE = YES_ERROR;
				GCC_WARN_UNDECLARED_SELECTOR = YES;
				GCC_WARN_UNINITIALIZED_AUTOS = YES_AGGRESSIVE;
				GCC_WARN_UNUSED_FUNCTION = YES;
				GCC_WARN_UNUSED_VARIABLE = YES;
				IPHONEOS_DEPLOYMENT_TARGET = 13.1;
				MTL_ENABLE_DEBUG_INFO = NO;
				MTL_FAST_MATH = YES;
				SDKROOT = iphoneos;
				SWIFT_COMPILATION_MODE = wholemodule;
				SWIFT_OPTIMIZATION_LEVEL = "-O";
				VALIDATE_PRODUCT = YES;
			};
			name = Release;
		};
		DAB56BDD235871DB00214BF8 /* Debug */ = {
			isa = XCBuildConfiguration;
			baseConfigurationReference = DCB8CE0E4E12D7207ABBA45B /* Pods-msk-kjuicer-poc.debug.xcconfig */;
			buildSettings = {
				ASSETCATALOG_COMPILER_APPICON_NAME = AppIcon;
				CODE_SIGN_STYLE = Automatic;
				DEVELOPMENT_TEAM = A3QT3RRV5J;
				INFOPLIST_FILE = "msk-kjuicer-poc/Info.plist";
				LD_RUNPATH_SEARCH_PATHS = (
					"$(inherited)",
					"@executable_path/Frameworks",
				);
				PRODUCT_BUNDLE_IDENTIFIER = "com.brotherclone.msk-kjuicer-poc";
				PRODUCT_NAME = "$(TARGET_NAME)";
				SWIFT_VERSION = 5.0;
				TARGETED_DEVICE_FAMILY = "1,2";
			};
			name = Debug;
		};
		DAB56BDE235871DB00214BF8 /* Release */ = {
			isa = XCBuildConfiguration;
			baseConfigurationReference = AF1A4235E188E03C5D7ECE7E /* Pods-msk-kjuicer-poc.release.xcconfig */;
			buildSettings = {
				ASSETCATALOG_COMPILER_APPICON_NAME = AppIcon;
				CODE_SIGN_STYLE = Automatic;
				DEVELOPMENT_TEAM = A3QT3RRV5J;
				INFOPLIST_FILE = "msk-kjuicer-poc/Info.plist";
				LD_RUNPATH_SEARCH_PATHS = (
					"$(inherited)",
					"@executable_path/Frameworks",
				);
				PRODUCT_BUNDLE_IDENTIFIER = "com.brotherclone.msk-kjuicer-poc";
				PRODUCT_NAME = "$(TARGET_NAME)";
				SWIFT_VERSION = 5.0;
				TARGETED_DEVICE_FAMILY = "1,2";
			};
			name = Release;
		};
/* End XCBuildConfiguration section */

/* Begin XCConfigurationList section */
		DAB56BC3235871DA00214BF8 /* Build configuration list for PBXProject "msk-kjuicer-poc" */ = {
			isa = XCConfigurationList;
			buildConfigurations = (
				DAB56BDA235871DB00214BF8 /* Debug */,
				DAB56BDB235871DB00214BF8 /* Release */,
			);
			defaultConfigurationIsVisible = 0;
			defaultConfigurationName = Release;
		};
		DAB56BDC235871DB00214BF8 /* Build configuration list for PBXNativeTarget "msk-kjuicer-poc" */ = {
			isa = XCConfigurationList;
			buildConfigurations = (
				DAB56BDD235871DB00214BF8 /* Debug */,
				DAB56BDE235871DB00214BF8 /* Release */,
			);
			defaultConfigurationIsVisible = 0;
			defaultConfigurationName = Release;
		};
/* End XCConfigurationList section */
	};
	rootObject = DAB56BC0235871DA00214BF8 /* Project object */;
}
